// !$*UTF8*$!
{
	archiveVersion = 1;
	classes = {
	};
	objectVersion = 51;
	objects = {

/* Begin PBXBuildFile section */
		24B2E8B4DC0E3A35A60DC3BC /* Pods_NotificationPracticeApp.framework in Frameworks */ = {isa = PBXBuildFile; fileRef = 655EFC2C3937B356F9E2D597 /* Pods_NotificationPracticeApp.framework */; };
		B1F0609423DC399A00CA7603 /* AppDelegate.swift in Sources */ = {isa = PBXBuildFile; fileRef = B1F0609323DC399A00CA7603 /* AppDelegate.swift */; };
		B1F0609623DC399A00CA7603 /* SceneDelegate.swift in Sources */ = {isa = PBXBuildFile; fileRef = B1F0609523DC399A00CA7603 /* SceneDelegate.swift */; };
		B1F0609823DC399A00CA7603 /* ViewController.swift in Sources */ = {isa = PBXBuildFile; fileRef = B1F0609723DC399A00CA7603 /* ViewController.swift */; };
		B1F0609B23DC399A00CA7603 /* Main.storyboard in Resources */ = {isa = PBXBuildFile; fileRef = B1F0609923DC399A00CA7603 /* Main.storyboard */; };
		B1F0609D23DC399B00CA7603 /* Assets.xcassets in Resources */ = {isa = PBXBuildFile; fileRef = B1F0609C23DC399B00CA7603 /* Assets.xcassets */; };
		B1F060A023DC399B00CA7603 /* LaunchScreen.storyboard in Resources */ = {isa = PBXBuildFile; fileRef = B1F0609E23DC399B00CA7603 /* LaunchScreen.storyboard */; };
		B1F060A823DC3BCE00CA7603 /* GoogleService-Info.plist in Resources */ = {isa = PBXBuildFile; fileRef = B1F060A723DC3BCE00CA7603 /* GoogleService-Info.plist */; };
/* End PBXBuildFile section */

/* Begin PBXFileReference section */
		33F5314C8CFED12C7672001B /* Pods-NotificationPracticeApp.release.xcconfig */ = {isa = PBXFileReference; includeInIndex = 1; lastKnownFileType = text.xcconfig; name = "Pods-NotificationPracticeApp.release.xcconfig"; path = "Target Support Files/Pods-NotificationPracticeApp/Pods-NotificationPracticeApp.release.xcconfig"; sourceTree = "<group>"; };
		4E586FCF1EC8B3AB382AE89D /* Pods-NotificationPracticeApp.debug.xcconfig */ = {isa = PBXFileReference; includeInIndex = 1; lastKnownFileType = text.xcconfig; name = "Pods-NotificationPracticeApp.debug.xcconfig"; path = "Target Support Files/Pods-NotificationPracticeApp/Pods-NotificationPracticeApp.debug.xcconfig"; sourceTree = "<group>"; };
		655EFC2C3937B356F9E2D597 /* Pods_NotificationPracticeApp.framework */ = {isa = PBXFileReference; explicitFileType = wrapper.framework; includeInIndex = 0; path = Pods_NotificationPracticeApp.framework; sourceTree = BUILT_PRODUCTS_DIR; };
		B1F0609023DC399A00CA7603 /* NotificationPracticeApp.app */ = {isa = PBXFileReference; explicitFileType = wrapper.application; includeInIndex = 0; path = NotificationPracticeApp.app; sourceTree = BUILT_PRODUCTS_DIR; };
		B1F0609323DC399A00CA7603 /* AppDelegate.swift */ = {isa = PBXFileReference; lastKnownFileType = sourcecode.swift; path = AppDelegate.swift; sourceTree = "<group>"; };
		B1F0609523DC399A00CA7603 /* SceneDelegate.swift */ = {isa = PBXFileReference; lastKnownFileType = sourcecode.swift; path = SceneDelegate.swift; sourceTree = "<group>"; };
		B1F0609723DC399A00CA7603 /* ViewController.swift */ = {isa = PBXFileReference; lastKnownFileType = sourcecode.swift; path = ViewController.swift; sourceTree = "<group>"; };
		B1F0609A23DC399A00CA7603 /* Base */ = {isa = PBXFileReference; lastKnownFileType = file.storyboard; name = Base; path = Base.lproj/Main.storyboard; sourceTree = "<group>"; };
		B1F0609C23DC399B00CA7603 /* Assets.xcassets */ = {isa = PBXFileReference; lastKnownFileType = folder.assetcatalog; path = Assets.xcassets; sourceTree = "<group>"; };
		B1F0609F23DC399B00CA7603 /* Base */ = {isa = PBXFileReference; lastKnownFileType = file.storyboard; name = Base; path = Base.lproj/LaunchScreen.storyboard; sourceTree = "<group>"; };
		B1F060A123DC399B00CA7603 /* Info.plist */ = {isa = PBXFileReference; lastKnownFileType = text.plist.xml; path = Info.plist; sourceTree = "<group>"; };
		B1F060A723DC3BCE00CA7603 /* GoogleService-Info.plist */ = {isa = PBXFileReference; fileEncoding = 4; lastKnownFileType = text.plist.xml; path = "GoogleService-Info.plist"; sourceTree = "<group>"; };
/* End PBXFileReference section */

/* Begin PBXFrameworksBuildPhase section */
		B1F0608D23DC399A00CA7603 /* Frameworks */ = {
			isa = PBXFrameworksBuildPhase;
			buildActionMask = 2147483647;
			files = (
				24B2E8B4DC0E3A35A60DC3BC /* Pods_NotificationPracticeApp.framework in Frameworks */,
			);
			runOnlyForDeploymentPostprocessing = 0;
		};
/* End PBXFrameworksBuildPhase section */

/* Begin PBXGroup section */
		329525C400CB6A1CF208DF99 /* Pods */ = {
			isa = PBXGroup;
			children = (
				4E586FCF1EC8B3AB382AE89D /* Pods-NotificationPracticeApp.debug.xcconfig */,
				33F5314C8CFED12C7672001B /* Pods-NotificationPracticeApp.release.xcconfig */,
			);
			path = Pods;
			sourceTree = "<group>";
		};
		66E205F6FE9FF6DD247826AD /* Frameworks */ = {
			isa = PBXGroup;
			children = (
				655EFC2C3937B356F9E2D597 /* Pods_NotificationPracticeApp.framework */,
			);
			name = Frameworks;
			sourceTree = "<group>";
		};
		B1F0608723DC399A00CA7603 = {
			isa = PBXGroup;
			children = (
				B1F0609223DC399A00CA7603 /* NotificationPracticeApp */,
				B1F0609123DC399A00CA7603 /* Products */,
				329525C400CB6A1CF208DF99 /* Pods */,
				66E205F6FE9FF6DD247826AD /* Frameworks */,
			);
			sourceTree = "<group>";
		};
		B1F0609123DC399A00CA7603 /* Products */ = {
			isa = PBXGroup;
			children = (
				B1F0609023DC399A00CA7603 /* NotificationPracticeApp.app */,
			);
			name = Products;
			sourceTree = "<group>";
		};
		B1F0609223DC399A00CA7603 /* NotificationPracticeApp */ = {
			isa = PBXGroup;
			children = (
				B1F0609323DC399A00CA7603 /* AppDelegate.swift */,
				B1F0609523DC399A00CA7603 /* SceneDelegate.swift */,
				B1F0609723DC399A00CA7603 /* ViewController.swift */,
				B1F0609923DC399A00CA7603 /* Main.storyboard */,
				B1F0609C23DC399B00CA7603 /* Assets.xcassets */,
				B1F0609E23DC399B00CA7603 /* LaunchScreen.storyboard */,
				B1F060A123DC399B00CA7603 /* Info.plist */,
				B1F060A723DC3BCE00CA7603 /* GoogleService-Info.plist */,
			);
			path = NotificationPracticeApp;
			sourceTree = "<group>";
		};
/* End PBXGroup section */

/* Begin PBXNativeTarget section */
		B1F0608F23DC399A00CA7603 /* NotificationPracticeApp */ = {
			isa = PBXNativeTarget;
			buildConfigurationList = B1F060A423DC399B00CA7603 /* Build configuration list for PBXNativeTarget "NotificationPracticeApp" */;
			buildPhases = (
				0D96DB9ADFA72800677F85BF /* [CP] Check Pods Manifest.lock */,
				B1F0608C23DC399A00CA7603 /* Sources */,
				B1F0608D23DC399A00CA7603 /* Frameworks */,
				B1F0608E23DC399A00CA7603 /* Resources */,
				65ED7E801D5415249B5F78C7 /* [CP] Embed Pods Frameworks */,
			);
			buildRules = (
			);
			dependencies = (
			);
			name = NotificationPracticeApp;
			productName = NotificationPracticeApp;
			productReference = B1F0609023DC399A00CA7603 /* NotificationPracticeApp.app */;
			productType = "com.apple.product-type.application";
		};
/* End PBXNativeTarget section */

/* Begin PBXProject section */
		B1F0608823DC399A00CA7603 /* Project object */ = {
			isa = PBXProject;
			attributes = {
				LastSwiftUpdateCheck = 1130;
				LastUpgradeCheck = 1130;
				ORGANIZATIONNAME = "志賀大河";
				TargetAttributes = {
					B1F0608F23DC399A00CA7603 = {
						CreatedOnToolsVersion = 11.3.1;
					};
				};
			};
			buildConfigurationList = B1F0608B23DC399A00CA7603 /* Build configuration list for PBXProject "NotificationPracticeApp" */;
			compatibilityVersion = "Xcode 9.3";
			developmentRegion = en;
			hasScannedForEncodings = 0;
			knownRegions = (
				en,
				Base,
			);
			mainGroup = B1F0608723DC399A00CA7603;
			productRefGroup = B1F0609123DC399A00CA7603 /* Products */;
			projectDirPath = "";
			projectRoot = "";
			targets = (
				B1F0608F23DC399A00CA7603 /* NotificationPracticeApp */,
			);
		};
/* End PBXProject section */

/* Begin PBXResourcesBuildPhase section */
		B1F0608E23DC399A00CA7603 /* Resources */ = {
			isa = PBXResourcesBuildPhase;
			buildActionMask = 2147483647;
			files = (
				B1F060A023DC399B00CA7603 /* LaunchScreen.storyboard in Resources */,
				B1F060A823DC3BCE00CA7603 /* GoogleService-Info.plist in Resources */,
				B1F0609D23DC399B00CA7603 /* Assets.xcassets in Resources */,
				B1F0609B23DC399A00CA7603 /* Main.storyboard in Resources */,
			);
			runOnlyForDeploymentPostprocessing = 0;
		};
/* End PBXResourcesBuildPhase section */

/* Begin PBXShellScriptBuildPhase section */
		0D96DB9ADFA72800677F85BF /* [CP] Check Pods Manifest.lock */ = {
			isa = PBXShellScriptBuildPhase;
			buildActionMask = 2147483647;
			files = (
			);
			inputFileListPaths = (
			);
			inputPaths = (
				"${PODS_PODFILE_DIR_PATH}/Podfile.lock",
				"${PODS_ROOT}/Manifest.lock",
			);
			name = "[CP] Check Pods Manifest.lock";
			outputFileListPaths = (
			);
			outputPaths = (
				"$(DERIVED_FILE_DIR)/Pods-NotificationPracticeApp-checkManifestLockResult.txt",
			);
			runOnlyForDeploymentPostprocessing = 0;
			shellPath = /bin/sh;
			shellScript = "diff \"${PODS_PODFILE_DIR_PATH}/Podfile.lock\" \"${PODS_ROOT}/Manifest.lock\" > /dev/null\nif [ $? != 0 ] ; then\n    # print error to STDERR\n    echo \"error: The sandbox is not in sync with the Podfile.lock. Run 'pod install' or update your CocoaPods installation.\" >&2\n    exit 1\nfi\n# This output is used by Xcode 'outputs' to avoid re-running this script phase.\necho \"SUCCESS\" > \"${SCRIPT_OUTPUT_FILE_0}\"\n";
			showEnvVarsInLog = 0;
		};
		65ED7E801D5415249B5F78C7 /* [CP] Embed Pods Frameworks */ = {
			isa = PBXShellScriptBuildPhase;
			buildActionMask = 2147483647;
			files = (
			);
			inputFileListPaths = (
				"${PODS_ROOT}/Target Support Files/Pods-NotificationPracticeApp/Pods-NotificationPracticeApp-frameworks-${CONFIGURATION}-input-files.xcfilelist",
			);
			name = "[CP] Embed Pods Frameworks";
			outputFileListPaths = (
				"${PODS_ROOT}/Target Support Files/Pods-NotificationPracticeApp/Pods-NotificationPracticeApp-frameworks-${CONFIGURATION}-output-files.xcfilelist",
			);
			runOnlyForDeploymentPostprocessing = 0;
			shellPath = /bin/sh;
			shellScript = "\"${PODS_ROOT}/Target Support Files/Pods-NotificationPracticeApp/Pods-NotificationPracticeApp-frameworks.sh\"\n";
			showEnvVarsInLog = 0;
		};
/* End PBXShellScriptBuildPhase section */

/* Begin PBXSourcesBuildPhase section */
		B1F0608C23DC399A00CA7603 /* Sources */ = {
			isa = PBXSourcesBuildPhase;
			buildActionMask = 2147483647;
			files = (
				B1F0609823DC399A00CA7603 /* ViewController.swift in Sources */,
				B1F0609423DC399A00CA7603 /* AppDelegate.swift in Sources */,
				B1F0609623DC399A00CA7603 /* SceneDelegate.swift in Sources */,
			);
			runOnlyForDeploymentPostprocessing = 0;
		};
/* End PBXSourcesBuildPhase section */

/* Begin PBXVariantGroup section */
		B1F0609923DC399A00CA7603 /* Main.storyboard */ = {
			isa = PBXVariantGroup;
			children = (
				B1F0609A23DC399A00CA7603 /* Base */,
			);
			name = Main.storyboard;
			sourceTree = "<group>";
		};
		B1F0609E23DC399B00CA7603 /* LaunchScreen.storyboard */ = {
			isa = PBXVariantGroup;
			children = (
				B1F0609F23DC399B00CA7603 /* Base */,
			);
			name = LaunchScreen.storyboard;
			sourceTree = "<group>";
		};
/* End PBXVariantGroup section */

/* Begin XCBuildConfiguration section */
		B1F060A223DC399B00CA7603 /* Debug */ = {
			isa = XCBuildConfiguration;
			buildSettings = {
				ALWAYS_SEARCH_USER_PATHS = NO;
				CLANG_ANALYZER_NONNULL = YES;
				CLANG_ANALYZER_NUMBER_OBJECT_CONVERSION = YES_AGGRESSIVE;
				CLANG_CXX_LANGUAGE_STANDARD = "gnu++14";
				CLANG_CXX_LIBRARY = "libc++";
				CLANG_ENABLE_MODULES = YES;
				CLANG_ENABLE_OBJC_ARC = YES;
				CLANG_ENABLE_OBJC_WEAK = YES;
				CLANG_WARN_BLOCK_CAPTURE_AUTORELEASING = YES;
				CLANG_WARN_BOOL_CONVERSION = YES;
				CLANG_WARN_COMMA = YES;
				CLANG_WARN_CONSTANT_CONVERSION = YES;
				CLANG_WARN_DEPRECATED_OBJC_IMPLEMENTATIONS = YES;
				CLANG_WARN_DIRECT_OBJC_ISA_USAGE = YES_ERROR;
				CLANG_WARN_DOCUMENTATION_COMMENTS = YES;
				CLANG_WARN_EMPTY_BODY = YES;
				CLANG_WARN_ENUM_CONVERSION = YES;
				CLANG_WARN_INFINITE_RECURSION = YES;
				CLANG_WARN_INT_CONVERSION = YES;
				CLANG_WARN_NON_LITERAL_NULL_CONVERSION = YES;
				CLANG_WARN_OBJC_IMPLICIT_RETAIN_SELF = YES;
				CLANG_WARN_OBJC_LITERAL_CONVERSION = YES;
				CLANG_WARN_OBJC_ROOT_CLASS = YES_ERROR;
				CLANG_WARN_RANGE_LOOP_ANALYSIS = YES;
				CLANG_WARN_STRICT_PROTOTYPES = YES;
				CLANG_WARN_SUSPICIOUS_MOVE = YES;
				CLANG_WARN_UNGUARDED_AVAILABILITY = YES_AGGRESSIVE;
				CLANG_WARN_UNREACHABLE_CODE = YES;
				CLANG_WARN__DUPLICATE_METHOD_MATCH = YES;
				COPY_PHASE_STRIP = NO;
				DEBUG_INFORMATION_FORMAT = dwarf;
				ENABLE_STRICT_OBJC_MSGSEND = YES;
				ENABLE_TESTABILITY = YES;
				GCC_C_LANGUAGE_STANDARD = gnu11;
				GCC_DYNAMIC_NO_PIC = NO;
				GCC_NO_COMMON_BLOCKS = YES;
				GCC_OPTIMIZATION_LEVEL = 0;
				GCC_PREPROCESSOR_DEFINITIONS = (
					"DEBUG=1",
					"$(inherited)",
				);
				GCC_WARN_64_TO_32_BIT_CONVERSION = YES;
				GCC_WARN_ABOUT_RETURN_TYPE = YES_ERROR;
				GCC_WARN_UNDECLARED_SELECTOR = YES;
				GCC_WARN_UNINITIALIZED_AUTOS = YES_AGGRESSIVE;
				GCC_WARN_UNUSED_FUNCTION = YES;
				GCC_WARN_UNUSED_VARIABLE = YES;
				IPHONEOS_DEPLOYMENT_TARGET = 13.2;
				MTL_ENABLE_DEBUG_INFO = INCLUDE_SOURCE;
				MTL_FAST_MATH = YES;
				ONLY_ACTIVE_ARCH = YES;
				SDKROOT = iphoneos;
				SWIFT_ACTIVE_COMPILATION_CONDITIONS = DEBUG;
				SWIFT_OPTIMIZATION_LEVEL = "-Onone";
			};
			name = Debug;
		};
		B1F060A323DC399B00CA7603 /* Release */ = {
			isa = XCBuildConfiguration;
			buildSettings = {
				ALWAYS_SEARCH_USER_PATHS = NO;
				CLANG_ANALYZER_NONNULL = YES;
				CLANG_ANALYZER_NUMBER_OBJECT_CONVERSION = YES_AGGRESSIVE;
				CLANG_CXX_LANGUAGE_STANDARD = "gnu++14";
				CLANG_CXX_LIBRARY = "libc++";
				CLANG_ENABLE_MODULES = YES;
				CLANG_ENABLE_OBJC_ARC = YES;
				CLANG_ENABLE_OBJC_WEAK = YES;
				CLANG_WARN_BLOCK_CAPTURE_AUTORELEASING = YES;
				CLANG_WARN_BOOL_CONVERSION = YES;
				CLANG_WARN_COMMA = YES;
				CLANG_WARN_CONSTANT_CONVERSION = YES;
				CLANG_WARN_DEPRECATED_OBJC_IMPLEMENTATIONS = YES;
				CLANG_WARN_DIRECT_OBJC_ISA_USAGE = YES_ERROR;
				CLANG_WARN_DOCUMENTATION_COMMENTS = YES;
				CLANG_WARN_EMPTY_BODY = YES;
				CLANG_WARN_ENUM_CONVERSION = YES;
				CLANG_WARN_INFINITE_RECURSION = YES;
				CLANG_WARN_INT_CONVERSION = YES;
				CLANG_WARN_NON_LITERAL_NULL_CONVERSION = YES;
				CLANG_WARN_OBJC_IMPLICIT_RETAIN_SELF = YES;
				CLANG_WARN_OBJC_LITERAL_CONVERSION = YES;
				CLANG_WARN_OBJC_ROOT_CLASS = YES_ERROR;
				CLANG_WARN_RANGE_LOOP_ANALYSIS = YES;
				CLANG_WARN_STRICT_PROTOTYPES = YES;
				CLANG_WARN_SUSPICIOUS_MOVE = YES;
				CLANG_WARN_UNGUARDED_AVAILABILITY = YES_AGGRESSIVE;
				CLANG_WARN_UNREACHABLE_CODE = YES;
				CLANG_WARN__DUPLICATE_METHOD_MATCH = YES;
				COPY_PHASE_STRIP = NO;
				DEBUG_INFORMATION_FORMAT = "dwarf-with-dsym";
				ENABLE_NS_ASSERTIONS = NO;
				ENABLE_STRICT_OBJC_MSGSEND = YES;
				GCC_C_LANGUAGE_STANDARD = gnu11;
				GCC_NO_COMMON_BLOCKS = YES;
				GCC_WARN_64_TO_32_BIT_CONVERSION = YES;
				GCC_WARN_ABOUT_RETURN_TYPE = YES_ERROR;
				GCC_WARN_UNDECLARED_SELECTOR = YES;
				GCC_WARN_UNINITIALIZED_AUTOS = YES_AGGRESSIVE;
				GCC_WARN_UNUSED_FUNCTION = YES;
				GCC_WARN_UNUSED_VARIABLE = YES;
				IPHONEOS_DEPLOYMENT_TARGET = 13.2;
				MTL_ENABLE_DEBUG_INFO = NO;
				MTL_FAST_MATH = YES;
				SDKROOT = iphoneos;
				SWIFT_COMPILATION_MODE = wholemodule;
				SWIFT_OPTIMIZATION_LEVEL = "-O";
				VALIDATE_PRODUCT = YES;
			};
			name = Release;
		};
		B1F060A523DC399B00CA7603 /* Debug */ = {
			isa = XCBuildConfiguration;
			baseConfigurationReference = 4E586FCF1EC8B3AB382AE89D /* Pods-NotificationPracticeApp.debug.xcconfig */;
			buildSettings = {
				ASSETCATALOG_COMPILER_APPICON_NAME = AppIcon;
				CODE_SIGN_STYLE = Automatic;
				DEVELOPMENT_TEAM = 4AD42V9YJV;
				INFOPLIST_FILE = NotificationPracticeApp/Info.plist;
				LD_RUNPATH_SEARCH_PATHS = (
					"$(inherited)",
					"@executable_path/Frameworks",
				);
				PRODUCT_BUNDLE_IDENTIFIER = project.NotificationPracticeApp;
				PRODUCT_NAME = "$(TARGET_NAME)";
				SWIFT_VERSION = 5.0;
				TARGETED_DEVICE_FAMILY = "1,2";
			};
			name = Debug;
		};
		B1F060A623DC399B00CA7603 /* Release */ = {
			isa = XCBuildConfiguration;
			baseConfigurationReference = 33F5314C8CFED12C7672001B /* Pods-NotificationPracticeApp.release.xcconfig */;
			buildSettings = {
				ASSETCATALOG_COMPILER_APPICON_NAME = AppIcon;
				CODE_SIGN_STYLE = Automatic;
				DEVELOPMENT_TEAM = 4AD42V9YJV;
				INFOPLIST_FILE = NotificationPracticeApp/Info.plist;
				LD_RUNPATH_SEARCH_PATHS = (
					"$(inherited)",
					"@executable_path/Frameworks",
				);
				PRODUCT_BUNDLE_IDENTIFIER = project.NotificationPracticeApp;
				PRODUCT_NAME = "$(TARGET_NAME)";
				SWIFT_VERSION = 5.0;
				TARGETED_DEVICE_FAMILY = "1,2";
			};
			name = Release;
		};
/* End XCBuildConfiguration section */

/* Begin XCConfigurationList section */
		B1F0608B23DC399A00CA7603 /* Build configuration list for PBXProject "NotificationPracticeApp" */ = {
			isa = XCConfigurationList;
			buildConfigurations = (
				B1F060A223DC399B00CA7603 /* Debug */,
				B1F060A323DC399B00CA7603 /* Release */,
			);
			defaultConfigurationIsVisible = 0;
			defaultConfigurationName = Release;
		};
		B1F060A423DC399B00CA7603 /* Build configuration list for PBXNativeTarget "NotificationPracticeApp" */ = {
			isa = XCConfigurationList;
			buildConfigurations = (
				B1F060A523DC399B00CA7603 /* Debug */,
				B1F060A623DC399B00CA7603 /* Release */,
			);
			defaultConfigurationIsVisible = 0;
			defaultConfigurationName = Release;
		};
/* End XCConfigurationList section */
	};
	rootObject = B1F0608823DC399A00CA7603 /* Project object */;
}
